
Microsoft Visual Studio Solution File, Format Version 12.00
# Visual Studio 15
VisualStudioVersion = 15.0.28307.779
MinimumVisualStudioVersion = 10.0.40219.1
Project("{FAE04EC0-301F-11D3-BF4B-00C04F79EFBC}") = "BalancingPlugin", "BalancingPlugin\BalancingPlugin.csproj", "{19A87C87-A7CA-404A-9852-0972FFC455DD}"
EndProject
Project("{930C7802-8A8C-48F9-8165-68863BCCD9DD}") = "BalancingPluginSetup", "BalancingPluginSetup\BalancingPluginSetup.wixproj", "{207E1DB8-048B-441C-87F9-2ACFF309C38D}"
	ProjectSection(ProjectDependencies) = postProject
		{19A87C87-A7CA-404A-9852-0972FFC455DD} = {19A87C87-A7CA-404A-9852-0972FFC455DD}
	EndProjectSection
EndProject
Project("{2150E333-8FDC-42A3-9474-1A3956D46DE8}") = "Solution Items", "Solution Items", "{51C87F18-D12B-492A-8E90-1D1214C726AA}"
	ProjectSection(SolutionItems) = preProject
		README.txt = README.txt
	EndProjectSection
EndProject
Project("{930C7802-8A8C-48F9-8165-68863BCCD9DD}") = "BalancingPluginWindowsSetup", "BalancingPluginWindowsSetup\BalancingPluginWindowsSetup.wixproj", "{2E7B62D1-6012-4C38-9BAF-828050212A68}"
	ProjectSection(ProjectDependencies) = postProject
		{19A87C87-A7CA-404A-9852-0972FFC455DD} = {19A87C87-A7CA-404A-9852-0972FFC455DD}
	EndProjectSection
EndProject
Global
	GlobalSection(SolutionConfigurationPlatforms) = preSolution
		Debug (x64)|Any CPU = Debug (x64)|Any CPU
		Debug (x64)|Mixed Platforms = Debug (x64)|Mixed Platforms
		Debug (x64)|x64 = Debug (x64)|x64
		Debug (x64)|x86 = Debug (x64)|x86
		Debug (x86)|Any CPU = Debug (x86)|Any CPU
		Debug (x86)|Mixed Platforms = Debug (x86)|Mixed Platforms
		Debug (x86)|x64 = Debug (x86)|x64
		Debug (x86)|x86 = Debug (x86)|x86
		Debug|Any CPU = Debug|Any CPU
		Debug|Mixed Platforms = Debug|Mixed Platforms
		Debug|x64 = Debug|x64
		Debug|x86 = Debug|x86
		Release (x64)|Any CPU = Release (x64)|Any CPU
		Release (x64)|Mixed Platforms = Release (x64)|Mixed Platforms
		Release (x64)|x64 = Release (x64)|x64
		Release (x64)|x86 = Release (x64)|x86
		Release (x86)|Any CPU = Release (x86)|Any CPU
		Release (x86)|Mixed Platforms = Release (x86)|Mixed Platforms
		Release (x86)|x64 = Release (x86)|x64
		Release (x86)|x86 = Release (x86)|x86
		Release|Any CPU = Release|Any CPU
		Release|Mixed Platforms = Release|Mixed Platforms
		Release|x64 = Release|x64
		Release|x86 = Release|x86
	EndGlobalSection
	GlobalSection(ProjectConfigurationPlatforms) = postSolution
		{19A87C87-A7CA-404A-9852-0972FFC455DD}.Debug (x64)|Any CPU.ActiveCfg = Debug|Any CPU
		{19A87C87-A7CA-404A-9852-0972FFC455DD}.Debug (x64)|Any CPU.Build.0 = Debug|Any CPU
		{19A87C87-A7CA-404A-9852-0972FFC455DD}.Debug (x64)|Mixed Platforms.ActiveCfg = Debug|Any CPU
		{19A87C87-A7CA-404A-9852-0972FFC455DD}.Debug (x64)|Mixed Platforms.Build.0 = Debug|Any CPU
		{19A87C87-A7CA-404A-9852-0972FFC455DD}.Debug (x64)|x64.ActiveCfg = Debug|x64
		{19A87C87-A7CA-404A-9852-0972FFC455DD}.Debug (x64)|x64.Build.0 = Debug|x64
		{19A87C87-A7CA-404A-9852-0972FFC455DD}.Debug (x64)|x86.ActiveCfg = Debug|x86
		{19A87C87-A7CA-404A-9852-0972FFC455DD}.Debug (x64)|x86.Build.0 = Debug|x86
		{19A87C87-A7CA-404A-9852-0972FFC455DD}.Debug (x86)|Any CPU.ActiveCfg = Debug|Any CPU
		{19A87C87-A7CA-404A-9852-0972FFC455DD}.Debug (x86)|Any CPU.Build.0 = Debug|Any CPU
		{19A87C87-A7CA-404A-9852-0972FFC455DD}.Debug (x86)|Mixed Platforms.ActiveCfg = Debug|Any CPU
		{19A87C87-A7CA-404A-9852-0972FFC455DD}.Debug (x86)|Mixed Platforms.Build.0 = Debug|Any CPU
		{19A87C87-A7CA-404A-9852-0972FFC455DD}.Debug (x86)|x64.ActiveCfg = Debug|x64
		{19A87C87-A7CA-404A-9852-0972FFC455DD}.Debug (x86)|x64.Build.0 = Debug|x64
		{19A87C87-A7CA-404A-9852-0972FFC455DD}.Debug (x86)|x86.ActiveCfg = Debug|x86
		{19A87C87-A7CA-404A-9852-0972FFC455DD}.Debug (x86)|x86.Build.0 = Debug|x86
		{19A87C87-A7CA-404A-9852-0972FFC455DD}.Debug|Any CPU.ActiveCfg = Debug|Any CPU
		{19A87C87-A7CA-404A-9852-0972FFC455DD}.Debug|Any CPU.Build.0 = Debug|Any CPU
		{19A87C87-A7CA-404A-9852-0972FFC455DD}.Debug|Mixed Platforms.ActiveCfg = Debug|Any CPU
		{19A87C87-A7CA-404A-9852-0972FFC455DD}.Debug|Mixed Platforms.Build.0 = Debug|Any CPU
		{19A87C87-A7CA-404A-9852-0972FFC455DD}.Debug|x64.ActiveCfg = Debug|x64
		{19A87C87-A7CA-404A-9852-0972FFC455DD}.Debug|x64.Build.0 = Debug|x64
		{19A87C87-A7CA-404A-9852-0972FFC455DD}.Debug|x86.ActiveCfg = Debug|x86
		{19A87C87-A7CA-404A-9852-0972FFC455DD}.Debug|x86.Build.0 = Debug|x86
		{19A87C87-A7CA-404A-9852-0972FFC455DD}.Release (x64)|Any CPU.ActiveCfg = Release|Any CPU
		{19A87C87-A7CA-404A-9852-0972FFC455DD}.Release (x64)|Any CPU.Build.0 = Release|Any CPU
		{19A87C87-A7CA-404A-9852-0972FFC455DD}.Release (x64)|Mixed Platforms.ActiveCfg = Release|Any CPU
		{19A87C87-A7CA-404A-9852-0972FFC455DD}.Release (x64)|Mixed Platforms.Build.0 = Release|Any CPU
		{19A87C87-A7CA-404A-9852-0972FFC455DD}.Release (x64)|x64.ActiveCfg = Release|x64
		{19A87C87-A7CA-404A-9852-0972FFC455DD}.Release (x64)|x64.Build.0 = Release|x64
		{19A87C87-A7CA-404A-9852-0972FFC455DD}.Release (x64)|x86.ActiveCfg = Release|x86
		{19A87C87-A7CA-404A-9852-0972FFC455DD}.Release (x64)|x86.Build.0 = Release|x86
		{19A87C87-A7CA-404A-9852-0972FFC455DD}.Release (x86)|Any CPU.ActiveCfg = Release|Any CPU
		{19A87C87-A7CA-404A-9852-0972FFC455DD}.Release (x86)|Any CPU.Build.0 = Release|Any CPU
		{19A87C87-A7CA-404A-9852-0972FFC455DD}.Release (x86)|Mixed Platforms.ActiveCfg = Release|Any CPU
		{19A87C87-A7CA-404A-9852-0972FFC455DD}.Release (x86)|Mixed Platforms.Build.0 = Release|Any CPU
		{19A87C87-A7CA-404A-9852-0972FFC455DD}.Release (x86)|x64.ActiveCfg = Release|x64
		{19A87C87-A7CA-404A-9852-0972FFC455DD}.Release (x86)|x64.Build.0 = Release|x64
		{19A87C87-A7CA-404A-9852-0972FFC455DD}.Release (x86)|x86.ActiveCfg = Release|x86
		{19A87C87-A7CA-404A-9852-0972FFC455DD}.Release (x86)|x86.Build.0 = Release|x86
		{19A87C87-A7CA-404A-9852-0972FFC455DD}.Release|Any CPU.ActiveCfg = Release|Any CPU
		{19A87C87-A7CA-404A-9852-0972FFC455DD}.Release|Any CPU.Build.0 = Release|Any CPU
		{19A87C87-A7CA-404A-9852-0972FFC455DD}.Release|Mixed Platforms.ActiveCfg = Release|Any CPU
		{19A87C87-A7CA-404A-9852-0972FFC455DD}.Release|Mixed Platforms.Build.0 = Release|Any CPU
		{19A87C87-A7CA-404A-9852-0972FFC455DD}.Release|x64.ActiveCfg = Release|x64
		{19A87C87-A7CA-404A-9852-0972FFC455DD}.Release|x64.Build.0 = Release|x64
		{19A87C87-A7CA-404A-9852-0972FFC455DD}.Release|x86.ActiveCfg = Release|x86
		{19A87C87-A7CA-404A-9852-0972FFC455DD}.Release|x86.Build.0 = Release|x86
		{207E1DB8-048B-441C-87F9-2ACFF309C38D}.Debug (x64)|Any CPU.ActiveCfg = Release|x86
		{207E1DB8-048B-441C-87F9-2ACFF309C38D}.Debug (x64)|Any CPU.Build.0 = Release|x86
		{207E1DB8-048B-441C-87F9-2ACFF309C38D}.Debug (x64)|Mixed Platforms.ActiveCfg = Debug|x86
		{207E1DB8-048B-441C-87F9-2ACFF309C38D}.Debug (x64)|Mixed Platforms.Build.0 = Debug|x86
		{207E1DB8-048B-441C-87F9-2ACFF309C38D}.Debug (x64)|x64.ActiveCfg = Release|x86
		{207E1DB8-048B-441C-87F9-2ACFF309C38D}.Debug (x64)|x64.Build.0 = Release|x86
		{207E1DB8-048B-441C-87F9-2ACFF309C38D}.Debug (x64)|x86.ActiveCfg = Debug|x86
		{207E1DB8-048B-441C-87F9-2ACFF309C38D}.Debug (x64)|x86.Build.0 = Debug|x86
		{207E1DB8-048B-441C-87F9-2ACFF309C38D}.Debug (x86)|Any CPU.ActiveCfg = Release|x86
		{207E1DB8-048B-441C-87F9-2ACFF309C38D}.Debug (x86)|Any CPU.Build.0 = Release|x86
		{207E1DB8-048B-441C-87F9-2ACFF309C38D}.Debug (x86)|Mixed Platforms.ActiveCfg = Debug|x86
		{207E1DB8-048B-441C-87F9-2ACFF309C38D}.Debug (x86)|Mixed Platforms.Build.0 = Debug|x86
		{207E1DB8-048B-441C-87F9-2ACFF309C38D}.Debug (x86)|x64.ActiveCfg = Debug|x86
		{207E1DB8-048B-441C-87F9-2ACFF309C38D}.Debug (x86)|x64.Build.0 = Debug|x86
		{207E1DB8-048B-441C-87F9-2ACFF309C38D}.Debug (x86)|x86.ActiveCfg = Debug|x86
		{207E1DB8-048B-441C-87F9-2ACFF309C38D}.Debug (x86)|x86.Build.0 = Debug|x86
		{207E1DB8-048B-441C-87F9-2ACFF309C38D}.Debug|Any CPU.ActiveCfg = Debug|x86
		{207E1DB8-048B-441C-87F9-2ACFF309C38D}.Debug|Any CPU.Build.0 = Debug|x86
		{207E1DB8-048B-441C-87F9-2ACFF309C38D}.Debug|Mixed Platforms.ActiveCfg = Debug|x86
		{207E1DB8-048B-441C-87F9-2ACFF309C38D}.Debug|Mixed Platforms.Build.0 = Debug|x86
		{207E1DB8-048B-441C-87F9-2ACFF309C38D}.Debug|x64.ActiveCfg = Debug|x86
		{207E1DB8-048B-441C-87F9-2ACFF309C38D}.Debug|x64.Build.0 = Debug|x86
		{207E1DB8-048B-441C-87F9-2ACFF309C38D}.Debug|x86.ActiveCfg = Debug|x86
		{207E1DB8-048B-441C-87F9-2ACFF309C38D}.Debug|x86.Build.0 = Debug|x86
		{207E1DB8-048B-441C-87F9-2ACFF309C38D}.Release (x64)|Any CPU.ActiveCfg = Release|x86
		{207E1DB8-048B-441C-87F9-2ACFF309C38D}.Release (x64)|Any CPU.Build.0 = Release|x86
		{207E1DB8-048B-441C-87F9-2ACFF309C38D}.Release (x64)|Mixed Platforms.ActiveCfg = Release|x86
		{207E1DB8-048B-441C-87F9-2ACFF309C38D}.Release (x64)|Mixed Platforms.Build.0 = Release|x86
		{207E1DB8-048B-441C-87F9-2ACFF309C38D}.Release (x64)|x64.ActiveCfg = Release|x86
		{207E1DB8-048B-441C-87F9-2ACFF309C38D}.Release (x64)|x64.Build.0 = Release|x86
		{207E1DB8-048B-441C-87F9-2ACFF309C38D}.Release (x64)|x86.ActiveCfg = Release|x86
		{207E1DB8-048B-441C-87F9-2ACFF309C38D}.Release (x64)|x86.Build.0 = Release|x86
		{207E1DB8-048B-441C-87F9-2ACFF309C38D}.Release (x86)|Any CPU.ActiveCfg = Release|x86
		{207E1DB8-048B-441C-87F9-2ACFF309C38D}.Release (x86)|Any CPU.Build.0 = Release|x86
		{207E1DB8-048B-441C-87F9-2ACFF309C38D}.Release (x86)|Mixed Platforms.ActiveCfg = Release|x86
		{207E1DB8-048B-441C-87F9-2ACFF309C38D}.Release (x86)|Mixed Platforms.Build.0 = Release|x86
		{207E1DB8-048B-441C-87F9-2ACFF309C38D}.Release (x86)|x64.ActiveCfg = Release|x86
		{207E1DB8-048B-441C-87F9-2ACFF309C38D}.Release (x86)|x64.Build.0 = Release|x86
		{207E1DB8-048B-441C-87F9-2ACFF309C38D}.Release (x86)|x86.ActiveCfg = Release|x86
		{207E1DB8-048B-441C-87F9-2ACFF309C38D}.Release (x86)|x86.Build.0 = Release|x86
		{207E1DB8-048B-441C-87F9-2ACFF309C38D}.Release|Any CPU.ActiveCfg = Release|x86
		{207E1DB8-048B-441C-87F9-2ACFF309C38D}.Release|Any CPU.Build.0 = Release|x86
		{207E1DB8-048B-441C-87F9-2ACFF309C38D}.Release|Mixed Platforms.ActiveCfg = Release|x86
		{207E1DB8-048B-441C-87F9-2ACFF309C38D}.Release|Mixed Platforms.Build.0 = Release|x86
		{207E1DB8-048B-441C-87F9-2ACFF309C38D}.Release|x64.ActiveCfg = Release|x86
		{207E1DB8-048B-441C-87F9-2ACFF309C38D}.Release|x64.Build.0 = Release|x86
		{207E1DB8-048B-441C-87F9-2ACFF309C38D}.Release|x86.ActiveCfg = Release|x86
		{207E1DB8-048B-441C-87F9-2ACFF309C38D}.Release|x86.Build.0 = Release|x86
		{2E7B62D1-6012-4C38-9BAF-828050212A68}.Debug (x64)|Any CPU.ActiveCfg = Release|x86
		{2E7B62D1-6012-4C38-9BAF-828050212A68}.Debug (x64)|Any CPU.Build.0 = Release|x86
		{2E7B62D1-6012-4C38-9BAF-828050212A68}.Debug (x64)|Mixed Platforms.ActiveCfg = Debug|x64
		{2E7B62D1-6012-4C38-9BAF-828050212A68}.Debug (x64)|Mixed Platforms.Build.0 = Debug|x64
		{2E7B62D1-6012-4C38-9BAF-828050212A68}.Debug (x64)|x64.ActiveCfg = Release|x64
		{2E7B62D1-6012-4C38-9BAF-828050212A68}.Debug (x64)|x64.Build.0 = Release|x64
		{2E7B62D1-6012-4C38-9BAF-828050212A68}.Debug (x64)|x86.ActiveCfg = Debug|x86
		{2E7B62D1-6012-4C38-9BAF-828050212A68}.Debug (x64)|x86.Build.0 = Debug|x86
		{2E7B62D1-6012-4C38-9BAF-828050212A68}.Debug (x86)|Any CPU.ActiveCfg = Release|x86
		{2E7B62D1-6012-4C38-9BAF-828050212A68}.Debug (x86)|Any CPU.Build.0 = Release|x86
		{2E7B62D1-6012-4C38-9BAF-828050212A68}.Debug (x86)|Mixed Platforms.ActiveCfg = Debug|x86
		{2E7B62D1-6012-4C38-9BAF-828050212A68}.Debug (x86)|Mixed Platforms.Build.0 = Debug|x86
		{2E7B62D1-6012-4C38-9BAF-828050212A68}.Debug (x86)|x64.ActiveCfg = Debug|x64
		{2E7B62D1-6012-4C38-9BAF-828050212A68}.Debug (x86)|x64.Build.0 = Debug|x64
		{2E7B62D1-6012-4C38-9BAF-828050212A68}.Debug (x86)|x86.ActiveCfg = Debug|x86
		{2E7B62D1-6012-4C38-9BAF-828050212A68}.Debug (x86)|x86.Build.0 = Debug|x86
		{2E7B62D1-6012-4C38-9BAF-828050212A68}.Debug|Any CPU.ActiveCfg = Debug|x64
		{2E7B62D1-6012-4C38-9BAF-828050212A68}.Debug|Any CPU.Build.0 = Debug|x64
		{2E7B62D1-6012-4C38-9BAF-828050212A68}.Debug|Mixed Platforms.ActiveCfg = Debug|x86
		{2E7B62D1-6012-4C38-9BAF-828050212A68}.Debug|Mixed Platforms.Build.0 = Debug|x86
		{2E7B62D1-6012-4C38-9BAF-828050212A68}.Debug|x64.ActiveCfg = Debug|x64
		{2E7B62D1-6012-4C38-9BAF-828050212A68}.Debug|x64.Build.0 = Debug|x64
		{2E7B62D1-6012-4C38-9BAF-828050212A68}.Debug|x86.ActiveCfg = Debug|x86
		{2E7B62D1-6012-4C38-9BAF-828050212A68}.Debug|x86.Build.0 = Debug|x86
		{2E7B62D1-6012-4C38-9BAF-828050212A68}.Release (x64)|Any CPU.ActiveCfg = Release|x86
		{2E7B62D1-6012-4C38-9BAF-828050212A68}.Release (x64)|Any CPU.Build.0 = Release|x86
		{2E7B62D1-6012-4C38-9BAF-828050212A68}.Release (x64)|Mixed Platforms.ActiveCfg = Release|x64
		{2E7B62D1-6012-4C38-9BAF-828050212A68}.Release (x64)|Mixed Platforms.Build.0 = Release|x64
		{2E7B62D1-6012-4C38-9BAF-828050212A68}.Release (x64)|x64.ActiveCfg = Release|x64
		{2E7B62D1-6012-4C38-9BAF-828050212A68}.Release (x64)|x64.Build.0 = Release|x64
		{2E7B62D1-6012-4C38-9BAF-828050212A68}.Release (x64)|x86.ActiveCfg = Release|x86
		{2E7B62D1-6012-4C38-9BAF-828050212A68}.Release (x64)|x86.Build.0 = Release|x86
		{2E7B62D1-6012-4C38-9BAF-828050212A68}.Release (x86)|Any CPU.ActiveCfg = Release|x86
		{2E7B62D1-6012-4C38-9BAF-828050212A68}.Release (x86)|Any CPU.Build.0 = Release|x86
		{2E7B62D1-6012-4C38-9BAF-828050212A68}.Release (x86)|Mixed Platforms.ActiveCfg = Release|x86
		{2E7B62D1-6012-4C38-9BAF-828050212A68}.Release (x86)|Mixed Platforms.Build.0 = Release|x86
		{2E7B62D1-6012-4C38-9BAF-828050212A68}.Release (x86)|x64.ActiveCfg = Release|x64
		{2E7B62D1-6012-4C38-9BAF-828050212A68}.Release (x86)|x64.Build.0 = Release|x64
		{2E7B62D1-6012-4C38-9BAF-828050212A68}.Release (x86)|x86.ActiveCfg = Release|x86
		{2E7B62D1-6012-4C38-9BAF-828050212A68}.Release (x86)|x86.Build.0 = Release|x86
		{2E7B62D1-6012-4C38-9BAF-828050212A68}.Release|Any CPU.ActiveCfg = Release|x64
		{2E7B62D1-6012-4C38-9BAF-828050212A68}.Release|Any CPU.Build.0 = Release|x64
		{2E7B62D1-6012-4C38-9BAF-828050212A68}.Release|Mixed Platforms.ActiveCfg = Release|x86
		{2E7B62D1-6012-4C38-9BAF-828050212A68}.Release|Mixed Platforms.Build.0 = Release|x86
		{2E7B62D1-6012-4C38-9BAF-828050212A68}.Release|x64.ActiveCfg = Release|x64
		{2E7B62D1-6012-4C38-9BAF-828050212A68}.Release|x64.Build.0 = Release|x64
		{2E7B62D1-6012-4C38-9BAF-828050212A68}.Release|x86.ActiveCfg = Release|x86
		{2E7B62D1-6012-4C38-9BAF-828050212A68}.Release|x86.Build.0 = Release|x86
	EndGlobalSection
	GlobalSection(SolutionProperties) = preSolution
		HideSolutionNode = FALSE
	EndGlobalSection
	GlobalSection(ExtensibilityGlobals) = postSolution
		SolutionGuid = {3E2C1636-965E-48E1-AF01-C46FF40D8A45}
	EndGlobalSection
EndGlobal
